Microsoft Visual Studio Solution File, Format Version 12.00
# Visual Studio Version 17
VisualStudioVersion = 17.5.33424.131
MinimumVisualStudioVersion = 10.0.40219.1
Project("{9A19103F-16F7-4668-BE54-9A1E7A4F7556}") = "BPlusTree.ConsoleApplication", "BPlusTree.ConsoleApplication\BPlusTree.ConsoleApplication.csproj", "{79675E5A-1ECD-40AF-8158-2B65BA99DF50}"
EndProject
Project("{9A19103F-16F7-4668-BE54-9A1E7A4F7556}") = "BPlusTree", "BPlusTree\BPlusTree.csproj", "{30F15951-F63D-4648-80E2-730037C64429}"
EndProject
Global
	GlobalSection(SolutionConfigurationPlatforms) = preSolution
		Debug|Any CPU = Debug|Any CPU
		Release|Any CPU = Release|Any CPU
	EndGlobalSection
	GlobalSection(ProjectConfigurationPlatforms) = postSolution
		{30F15951-F63D-4648-80E2-730037C64429}.Debug|Any CPU.ActiveCfg = Debug|Any CPU
		{30F15951-F63D-4648-80E2-730037C64429}.Debug|Any CPU.Build.0 = Debug|Any CPU
		{30F15951-F63D-4648-80E2-730037C64429}.Release|Any CPU.ActiveCfg = Release|Any CPU
		{30F15951-F63D-4648-80E2-730037C64429}.Release|Any CPU.Build.0 = Release|Any CPU
		{79675E5A-1ECD-40AF-8158-2B65BA99DF50}.Debug|Any CPU.ActiveCfg = Debug|Any CPU
		{79675E5A-1ECD-40AF-8158-2B65BA99DF50}.Debug|Any CPU.Build.0 = Debug|Any CPU
		{79675E5A-1ECD-40AF-8158-2B65BA99DF50}.Release|Any CPU.ActiveCfg = Release|Any CPU
		{79675E5A-1ECD-40AF-8158-2B65BA99DF50}.Release|Any CPU.Build.0 = Release|Any CPU
	EndGlobalSection
	GlobalSection(SolutionProperties) = preSolution
		HideSolutionNode = FALSE
	EndGlobalSection
	GlobalSection(Performance) = preSolution
		HasPerformanceSessions = true
	EndGlobalSection
EndGlobal
